
Microsoft Visual Studio Solution File, Format Version 12.00
# Visual Studio Version 16
VisualStudioVersion = 16.0.31702.278
MinimumVisualStudioVersion = 10.0.40219.1
Project("{FAE04EC0-301F-11D3-BF4B-00C04F79EFBC}") = "SMTPVerifier", "SMTPVerifier\SMTPVerifier.csproj", "{C315F477-48E7-49CA-AD85-3998505A5715}"
EndProject
Global
	GlobalSection(SolutionConfigurationPlatforms) = preSolution
		Debug|Any CPU = Debug|Any CPU
		Release|Any CPU = Release|Any CPU
	EndGlobalSection
	GlobalSection(ProjectConfigurationPlatforms) = postSolution
		{C315F477-48E7-49CA-AD85-3998505A5715}.Debug|Any CPU.ActiveCfg = Debug|Any CPU
		{C315F477-48E7-49CA-AD85-3998505A5715}.Debug|Any CPU.Build.0 = Debug|Any CPU
		{C315F477-48E7-49CA-AD85-3998505A5715}.Release|Any CPU.ActiveCfg = Release|Any CPU
		{C315F477-48E7-49CA-AD85-3998505A5715}.Release|Any CPU.Build.0 = Release|Any CPU
	EndGlobalSection
	GlobalSection(SolutionProperties) = preSolution
		HideSolutionNode = FALSE
	EndGlobalSection
	GlobalSection(ExtensibilityGlobals) = postSolution
		SolutionGuid = {64D97F2D-C566-43BA-B2C8-7D2E07E6C674}
	EndGlobalSection
EndGlobal
